<?xml version="1.0" encoding="utf-8"?>
<Project ToolsVersion="4.0" xmlns="http://schemas.microsoft.com/developer/msbuild/2003">
  <ItemGroup>
    <CudaCompile Include="scr\VTK.cu">
      <Filter>Source Files</Filter>
    </CudaCompile>
    <CudaCompile Include="scr\main.cu">
      <Filter>Source Files</Filter>
    </CudaCompile>
    <CudaCompile Include="scr\main_functions.cu">
      <Filter>Source Files</Filter>
    </CudaCompile>
    <CudaCompile Include="scr\utilities.cu">
      <Filter>Source Files</Filter>
    </CudaCompile>
  </ItemGroup>
  <ItemGroup>
    <Filter Include="Header Files">
      <UniqueIdentifier>{54ff927a-0e1f-4406-b077-d457e3cc15ee}</UniqueIdentifier>
    </Filter>
    <Filter Include="Source Files">
      <UniqueIdentifier>{8b82a39d-1207-4665-887f-410423ce1e92}</UniqueIdentifier>
    </Filter>
  </ItemGroup>
  <ItemGroup>
    <ClInclude Include="lib\common.cuh">
      <Filter>Header Files</Filter>
    </ClInclude>
    <ClInclude Include="lib\device_functions.cuh">
      <Filter>Header Files</Filter>
    </ClInclude>
    <ClInclude Include="lib\forces.cuh">
      <Filter>Header Files</Filter>
    </ClInclude>
    <ClInclude Include="lib\global_variables.cuh">
      <Filter>Header Files</Filter>
    </ClInclude>
    <ClInclude Include="lib\hashing.cuh">
      <Filter>Header Files</Filter>
    </ClInclude>
    <ClInclude Include="lib\helper.cuh">
      <Filter>Header Files</Filter>
    </ClInclude>
    <ClInclude Include="lib\kernels.cuh">
      <Filter>Header Files</Filter>
    </ClInclude>
    <ClInclude Include="lib\particle_parameters.cuh">
      <Filter>Header Files</Filter>
    </ClInclude>
    <ClInclude Include="lib\particle_positions.cuh">
      <Filter>Header Files</Filter>
    </ClInclude>
    <ClInclude Include="lib\utilities.cuh">
      <Filter>Header Files</Filter>
    </ClInclude>
    <ClInclude Include="lib\VTK.cuh">
      <Filter>Header Files</Filter>
    </ClInclude>
  </ItemGroup>
</Project>